
Microsoft Visual Studio Solution File, Format Version 12.00
# Visual Studio 14
VisualStudioVersion = 14.0.25420.1
MinimumVisualStudioVersion = 10.0.40219.1
Project("{FAE04EC0-301F-11D3-BF4B-00C04F79EFBC}") = "CSHTML5.Wrappers.Syncfusion.EssentialJS1.Common", "CSHTML5.Wrappers.Syncfusion.EssentialJS1.Common\CSHTML5.Wrappers.Syncfusion.EssentialJS1.Common.csproj", "{B2F32D3A-A767-482E-83FB-B74FB509068B}"
EndProject
Project("{FAE04EC0-301F-11D3-BF4B-00C04F79EFBC}") = "CSHTML5.Wrappers.Syncfusion.EssentialJS1.RichTextEditor", "CSHTML5.Wrappers.Syncfusion.EssentialJS1.RichTextEditor\CSHTML5.Wrappers.Syncfusion.EssentialJS1.RichTextEditor.csproj", "{74975ED4-7DF8-4346-AA44-12FC3D6F3B11}"
EndProject
Project("{FAE04EC0-301F-11D3-BF4B-00C04F79EFBC}") = "CSHTML5.Wrappers.Syncfusion.EssentialJS1.SpreadSheet", "CSHTML5.Wrappers.Syncfusion.EssentialJS1.SpreadSheet\CSHTML5.Wrappers.Syncfusion.EssentialJS1.SpreadSheet.csproj", "{B10719F9-91D2-4794-91E5-AA71C46A1D04}"
EndProject
Global
	GlobalSection(SolutionConfigurationPlatforms) = preSolution
		Debug|Any CPU = Debug|Any CPU
		Release|Any CPU = Release|Any CPU
	EndGlobalSection
	GlobalSection(ProjectConfigurationPlatforms) = postSolution
		{B2F32D3A-A767-482E-83FB-B74FB509068B}.Debug|Any CPU.ActiveCfg = Debug|Any CPU
		{B2F32D3A-A767-482E-83FB-B74FB509068B}.Debug|Any CPU.Build.0 = Debug|Any CPU
		{B2F32D3A-A767-482E-83FB-B74FB509068B}.Release|Any CPU.ActiveCfg = Release|Any CPU
		{B2F32D3A-A767-482E-83FB-B74FB509068B}.Release|Any CPU.Build.0 = Release|Any CPU
		{74975ED4-7DF8-4346-AA44-12FC3D6F3B11}.Debug|Any CPU.ActiveCfg = Debug|Any CPU
		{74975ED4-7DF8-4346-AA44-12FC3D6F3B11}.Debug|Any CPU.Build.0 = Debug|Any CPU
		{74975ED4-7DF8-4346-AA44-12FC3D6F3B11}.Release|Any CPU.ActiveCfg = Release|Any CPU
		{74975ED4-7DF8-4346-AA44-12FC3D6F3B11}.Release|Any CPU.Build.0 = Release|Any CPU
		{B10719F9-91D2-4794-91E5-AA71C46A1D04}.Debug|Any CPU.ActiveCfg = Debug|Any CPU
		{B10719F9-91D2-4794-91E5-AA71C46A1D04}.Debug|Any CPU.Build.0 = Debug|Any CPU
		{B10719F9-91D2-4794-91E5-AA71C46A1D04}.Release|Any CPU.ActiveCfg = Release|Any CPU
		{B10719F9-91D2-4794-91E5-AA71C46A1D04}.Release|Any CPU.Build.0 = Release|Any CPU
	EndGlobalSection
	GlobalSection(SolutionProperties) = preSolution
		HideSolutionNode = FALSE
	EndGlobalSection
EndGlobal
